// !$*UTF8*$!
{
	archiveVersion = 1;
	classes = {
	};
	objectVersion = 50;
	objects = {

/* Begin PBXBuildFile section */
		651E884FF16C246DE133B50B /* Pods_Find_MovieUITests.framework in Frameworks */ = {isa = PBXBuildFile; fileRef = 1A67F167D22F104520BA0DF8 /* Pods_Find_MovieUITests.framework */; };
		81386ED35F7AD224BF1145A0 /* Pods_Find_MovieTests.framework in Frameworks */ = {isa = PBXBuildFile; fileRef = 0FB1F5737E077BEF51C9F46D /* Pods_Find_MovieTests.framework */; };
		A9F023DAE4C3FC2A3B4A0519 /* Pods_Find_Movie.framework in Frameworks */ = {isa = PBXBuildFile; fileRef = 6D13648A519FF464727E3C3C /* Pods_Find_Movie.framework */; };
		B656502323177F89006F5C2E /* Movie.swift in Sources */ = {isa = PBXBuildFile; fileRef = B656502223177F89006F5C2E /* Movie.swift */; };
		B656502523178CA6006F5C2E /* Genre.swift in Sources */ = {isa = PBXBuildFile; fileRef = B656502423178CA6006F5C2E /* Genre.swift */; };
		B6565027231792AF006F5C2E /* ApiResponse.swift in Sources */ = {isa = PBXBuildFile; fileRef = B6565026231792AF006F5C2E /* ApiResponse.swift */; };
		B682198C23177A47005C4279 /* AppDelegate.swift in Sources */ = {isa = PBXBuildFile; fileRef = B682198B23177A47005C4279 /* AppDelegate.swift */; };
		B682198E23177A47005C4279 /* ViewController.swift in Sources */ = {isa = PBXBuildFile; fileRef = B682198D23177A47005C4279 /* ViewController.swift */; };
		B682199123177A47005C4279 /* Main.storyboard in Resources */ = {isa = PBXBuildFile; fileRef = B682198F23177A47005C4279 /* Main.storyboard */; };
		B682199323177A49005C4279 /* Assets.xcassets in Resources */ = {isa = PBXBuildFile; fileRef = B682199223177A49005C4279 /* Assets.xcassets */; };
		B682199623177A49005C4279 /* LaunchScreen.storyboard in Resources */ = {isa = PBXBuildFile; fileRef = B682199423177A49005C4279 /* LaunchScreen.storyboard */; };
		B68219A123177A49005C4279 /* Find_MovieTests.swift in Sources */ = {isa = PBXBuildFile; fileRef = B68219A023177A49005C4279 /* Find_MovieTests.swift */; };
		B68219AC23177A4A005C4279 /* Find_MovieUITests.swift in Sources */ = {isa = PBXBuildFile; fileRef = B68219AB23177A4A005C4279 /* Find_MovieUITests.swift */; };
		B68219BB23177E86005C4279 /* Service.swift in Sources */ = {isa = PBXBuildFile; fileRef = B68219BA23177E86005C4279 /* Service.swift */; };
/* End PBXBuildFile section */

/* Begin PBXContainerItemProxy section */
		B682199D23177A49005C4279 /* PBXContainerItemProxy */ = {
			isa = PBXContainerItemProxy;
			containerPortal = B682198023177A47005C4279 /* Project object */;
			proxyType = 1;
			remoteGlobalIDString = B682198723177A47005C4279;
			remoteInfo = "Find Movie";
		};
		B68219A823177A4A005C4279 /* PBXContainerItemProxy */ = {
			isa = PBXContainerItemProxy;
			containerPortal = B682198023177A47005C4279 /* Project object */;
			proxyType = 1;
			remoteGlobalIDString = B682198723177A47005C4279;
			remoteInfo = "Find Movie";
		};
/* End PBXContainerItemProxy section */

/* Begin PBXFileReference section */
		0FB1F5737E077BEF51C9F46D /* Pods_Find_MovieTests.framework */ = {isa = PBXFileReference; explicitFileType = wrapper.framework; includeInIndex = 0; path = Pods_Find_MovieTests.framework; sourceTree = BUILT_PRODUCTS_DIR; };
		1A67F167D22F104520BA0DF8 /* Pods_Find_MovieUITests.framework */ = {isa = PBXFileReference; explicitFileType = wrapper.framework; includeInIndex = 0; path = Pods_Find_MovieUITests.framework; sourceTree = BUILT_PRODUCTS_DIR; };
		22F5ACBACB59445AF35D5865 /* Pods-Find MovieUITests.debug.xcconfig */ = {isa = PBXFileReference; includeInIndex = 1; lastKnownFileType = text.xcconfig; name = "Pods-Find MovieUITests.debug.xcconfig"; path = "Pods/Target Support Files/Pods-Find MovieUITests/Pods-Find MovieUITests.debug.xcconfig"; sourceTree = "<group>"; };
		3B3E65B42DDF28C9EE465432 /* Pods-Find MovieUITests.release.xcconfig */ = {isa = PBXFileReference; includeInIndex = 1; lastKnownFileType = text.xcconfig; name = "Pods-Find MovieUITests.release.xcconfig"; path = "Pods/Target Support Files/Pods-Find MovieUITests/Pods-Find MovieUITests.release.xcconfig"; sourceTree = "<group>"; };
		6D13648A519FF464727E3C3C /* Pods_Find_Movie.framework */ = {isa = PBXFileReference; explicitFileType = wrapper.framework; includeInIndex = 0; path = Pods_Find_Movie.framework; sourceTree = BUILT_PRODUCTS_DIR; };
		93FEFD073D0629223F653ACD /* Pods-Find MovieTests.release.xcconfig */ = {isa = PBXFileReference; includeInIndex = 1; lastKnownFileType = text.xcconfig; name = "Pods-Find MovieTests.release.xcconfig"; path = "Pods/Target Support Files/Pods-Find MovieTests/Pods-Find MovieTests.release.xcconfig"; sourceTree = "<group>"; };
		940A5A274C432121146C9A52 /* Pods-Find Movie.debug.xcconfig */ = {isa = PBXFileReference; includeInIndex = 1; lastKnownFileType = text.xcconfig; name = "Pods-Find Movie.debug.xcconfig"; path = "Pods/Target Support Files/Pods-Find Movie/Pods-Find Movie.debug.xcconfig"; sourceTree = "<group>"; };
		B656502223177F89006F5C2E /* Movie.swift */ = {isa = PBXFileReference; lastKnownFileType = sourcecode.swift; path = Movie.swift; sourceTree = "<group>"; };
		B656502423178CA6006F5C2E /* Genre.swift */ = {isa = PBXFileReference; lastKnownFileType = sourcecode.swift; path = Genre.swift; sourceTree = "<group>"; };
		B6565026231792AF006F5C2E /* ApiResponse.swift */ = {isa = PBXFileReference; lastKnownFileType = sourcecode.swift; path = ApiResponse.swift; sourceTree = "<group>"; };
		B682198823177A47005C4279 /* Find Movie.app */ = {isa = PBXFileReference; explicitFileType = wrapper.application; includeInIndex = 0; path = "Find Movie.app"; sourceTree = BUILT_PRODUCTS_DIR; };
		B682198B23177A47005C4279 /* AppDelegate.swift */ = {isa = PBXFileReference; lastKnownFileType = sourcecode.swift; path = AppDelegate.swift; sourceTree = "<group>"; };
		B682198D23177A47005C4279 /* ViewController.swift */ = {isa = PBXFileReference; lastKnownFileType = sourcecode.swift; path = ViewController.swift; sourceTree = "<group>"; };
		B682199023177A47005C4279 /* Base */ = {isa = PBXFileReference; lastKnownFileType = file.storyboard; name = Base; path = Base.lproj/Main.storyboard; sourceTree = "<group>"; };
		B682199223177A49005C4279 /* Assets.xcassets */ = {isa = PBXFileReference; lastKnownFileType = folder.assetcatalog; path = Assets.xcassets; sourceTree = "<group>"; };
		B682199523177A49005C4279 /* Base */ = {isa = PBXFileReference; lastKnownFileType = file.storyboard; name = Base; path = Base.lproj/LaunchScreen.storyboard; sourceTree = "<group>"; };
		B682199723177A49005C4279 /* Info.plist */ = {isa = PBXFileReference; lastKnownFileType = text.plist.xml; path = Info.plist; sourceTree = "<group>"; };
		B682199C23177A49005C4279 /* Find MovieTests.xctest */ = {isa = PBXFileReference; explicitFileType = wrapper.cfbundle; includeInIndex = 0; path = "Find MovieTests.xctest"; sourceTree = BUILT_PRODUCTS_DIR; };
		B68219A023177A49005C4279 /* Find_MovieTests.swift */ = {isa = PBXFileReference; lastKnownFileType = sourcecode.swift; path = Find_MovieTests.swift; sourceTree = "<group>"; };
		B68219A223177A49005C4279 /* Info.plist */ = {isa = PBXFileReference; lastKnownFileType = text.plist.xml; path = Info.plist; sourceTree = "<group>"; };
		B68219A723177A4A005C4279 /* Find MovieUITests.xctest */ = {isa = PBXFileReference; explicitFileType = wrapper.cfbundle; includeInIndex = 0; path = "Find MovieUITests.xctest"; sourceTree = BUILT_PRODUCTS_DIR; };
		B68219AB23177A4A005C4279 /* Find_MovieUITests.swift */ = {isa = PBXFileReference; lastKnownFileType = sourcecode.swift; path = Find_MovieUITests.swift; sourceTree = "<group>"; };
		B68219AD23177A4A005C4279 /* Info.plist */ = {isa = PBXFileReference; lastKnownFileType = text.plist.xml; path = Info.plist; sourceTree = "<group>"; };
		B68219BA23177E86005C4279 /* Service.swift */ = {isa = PBXFileReference; lastKnownFileType = sourcecode.swift; path = Service.swift; sourceTree = "<group>"; };
		BBEC38554CAD78E03C16C193 /* Pods-Find Movie.release.xcconfig */ = {isa = PBXFileReference; includeInIndex = 1; lastKnownFileType = text.xcconfig; name = "Pods-Find Movie.release.xcconfig"; path = "Pods/Target Support Files/Pods-Find Movie/Pods-Find Movie.release.xcconfig"; sourceTree = "<group>"; };
		F386A01A66A3EA7956A17CBA /* Pods-Find MovieTests.debug.xcconfig */ = {isa = PBXFileReference; includeInIndex = 1; lastKnownFileType = text.xcconfig; name = "Pods-Find MovieTests.debug.xcconfig"; path = "Pods/Target Support Files/Pods-Find MovieTests/Pods-Find MovieTests.debug.xcconfig"; sourceTree = "<group>"; };
/* End PBXFileReference section */

/* Begin PBXFrameworksBuildPhase section */
		B682198523177A47005C4279 /* Frameworks */ = {
			isa = PBXFrameworksBuildPhase;
			buildActionMask = 2147483647;
			files = (
				A9F023DAE4C3FC2A3B4A0519 /* Pods_Find_Movie.framework in Frameworks */,
			);
			runOnlyForDeploymentPostprocessing = 0;
		};
		B682199923177A49005C4279 /* Frameworks */ = {
			isa = PBXFrameworksBuildPhase;
			buildActionMask = 2147483647;
			files = (
				81386ED35F7AD224BF1145A0 /* Pods_Find_MovieTests.framework in Frameworks */,
			);
			runOnlyForDeploymentPostprocessing = 0;
		};
		B68219A423177A4A005C4279 /* Frameworks */ = {
			isa = PBXFrameworksBuildPhase;
			buildActionMask = 2147483647;
			files = (
				651E884FF16C246DE133B50B /* Pods_Find_MovieUITests.framework in Frameworks */,
			);
			runOnlyForDeploymentPostprocessing = 0;
		};
/* End PBXFrameworksBuildPhase section */

/* Begin PBXGroup section */
		7C0FF95C21548758D37A9C66 /* Pods */ = {
			isa = PBXGroup;
			children = (
				940A5A274C432121146C9A52 /* Pods-Find Movie.debug.xcconfig */,
				BBEC38554CAD78E03C16C193 /* Pods-Find Movie.release.xcconfig */,
				F386A01A66A3EA7956A17CBA /* Pods-Find MovieTests.debug.xcconfig */,
				93FEFD073D0629223F653ACD /* Pods-Find MovieTests.release.xcconfig */,
				22F5ACBACB59445AF35D5865 /* Pods-Find MovieUITests.debug.xcconfig */,
				3B3E65B42DDF28C9EE465432 /* Pods-Find MovieUITests.release.xcconfig */,
			);
			name = Pods;
			sourceTree = "<group>";
		};
		B682197F23177A47005C4279 = {
			isa = PBXGroup;
			children = (
				B682198A23177A47005C4279 /* Find Movie */,
				B682199F23177A49005C4279 /* Find MovieTests */,
				B68219AA23177A4A005C4279 /* Find MovieUITests */,
				B682198923177A47005C4279 /* Products */,
				7C0FF95C21548758D37A9C66 /* Pods */,
				BD94496B7118E4C4FFEA3440 /* Frameworks */,
			);
			sourceTree = "<group>";
		};
		B682198923177A47005C4279 /* Products */ = {
			isa = PBXGroup;
			children = (
				B682198823177A47005C4279 /* Find Movie.app */,
				B682199C23177A49005C4279 /* Find MovieTests.xctest */,
				B68219A723177A4A005C4279 /* Find MovieUITests.xctest */,
			);
			name = Products;
			sourceTree = "<group>";
		};
		B682198A23177A47005C4279 /* Find Movie */ = {
			isa = PBXGroup;
			children = (
				B68219BC23177EA5005C4279 /* Model */,
				B68219B923177E42005C4279 /* Service */,
				B682198B23177A47005C4279 /* AppDelegate.swift */,
				B682198D23177A47005C4279 /* ViewController.swift */,
				B682198F23177A47005C4279 /* Main.storyboard */,
				B682199223177A49005C4279 /* Assets.xcassets */,
				B682199423177A49005C4279 /* LaunchScreen.storyboard */,
				B682199723177A49005C4279 /* Info.plist */,
			);
			path = "Find Movie";
			sourceTree = "<group>";
		};
		B682199F23177A49005C4279 /* Find MovieTests */ = {
			isa = PBXGroup;
			children = (
				B68219A023177A49005C4279 /* Find_MovieTests.swift */,
				B68219A223177A49005C4279 /* Info.plist */,
			);
			path = "Find MovieTests";
			sourceTree = "<group>";
		};
		B68219AA23177A4A005C4279 /* Find MovieUITests */ = {
			isa = PBXGroup;
			children = (
				B68219AB23177A4A005C4279 /* Find_MovieUITests.swift */,
				B68219AD23177A4A005C4279 /* Info.plist */,
			);
			path = "Find MovieUITests";
			sourceTree = "<group>";
		};
		B68219B923177E42005C4279 /* Service */ = {
			isa = PBXGroup;
			children = (
				B68219BA23177E86005C4279 /* Service.swift */,
			);
			path = Service;
			sourceTree = "<group>";
		};
		B68219BC23177EA5005C4279 /* Model */ = {
			isa = PBXGroup;
			children = (
				B656502223177F89006F5C2E /* Movie.swift */,
				B656502423178CA6006F5C2E /* Genre.swift */,
				B6565026231792AF006F5C2E /* ApiResponse.swift */,
			);
			path = Model;
			sourceTree = "<group>";
		};
		BD94496B7118E4C4FFEA3440 /* Frameworks */ = {
			isa = PBXGroup;
			children = (
				6D13648A519FF464727E3C3C /* Pods_Find_Movie.framework */,
				0FB1F5737E077BEF51C9F46D /* Pods_Find_MovieTests.framework */,
				1A67F167D22F104520BA0DF8 /* Pods_Find_MovieUITests.framework */,
			);
			name = Frameworks;
			sourceTree = "<group>";
		};
/* End PBXGroup section */

/* Begin PBXNativeTarget section */
		B682198723177A47005C4279 /* Find Movie */ = {
			isa = PBXNativeTarget;
			buildConfigurationList = B68219B023177A4A005C4279 /* Build configuration list for PBXNativeTarget "Find Movie" */;
			buildPhases = (
				8D9A8252A20CA45FB308B205 /* [CP] Check Pods Manifest.lock */,
				B682198423177A47005C4279 /* Sources */,
				B682198523177A47005C4279 /* Frameworks */,
				B682198623177A47005C4279 /* Resources */,
				419DC91F4B5F528637596A93 /* [CP] Embed Pods Frameworks */,
			);
			buildRules = (
			);
			dependencies = (
			);
			name = "Find Movie";
			productName = "Find Movie";
			productReference = B682198823177A47005C4279 /* Find Movie.app */;
			productType = "com.apple.product-type.application";
		};
		B682199B23177A49005C4279 /* Find MovieTests */ = {
			isa = PBXNativeTarget;
			buildConfigurationList = B68219B323177A4A005C4279 /* Build configuration list for PBXNativeTarget "Find MovieTests" */;
			buildPhases = (
				0516FDF1D9E84A6FF14A4868 /* [CP] Check Pods Manifest.lock */,
				B682199823177A49005C4279 /* Sources */,
				B682199923177A49005C4279 /* Frameworks */,
				B682199A23177A49005C4279 /* Resources */,
			);
			buildRules = (
			);
			dependencies = (
				B682199E23177A49005C4279 /* PBXTargetDependency */,
			);
			name = "Find MovieTests";
			productName = "Find MovieTests";
			productReference = B682199C23177A49005C4279 /* Find MovieTests.xctest */;
			productType = "com.apple.product-type.bundle.unit-test";
		};
		B68219A623177A4A005C4279 /* Find MovieUITests */ = {
			isa = PBXNativeTarget;
			buildConfigurationList = B68219B623177A4A005C4279 /* Build configuration list for PBXNativeTarget "Find MovieUITests" */;
			buildPhases = (
				BDB68B8366A5A84530A382A1 /* [CP] Check Pods Manifest.lock */,
				B68219A323177A4A005C4279 /* Sources */,
				B68219A423177A4A005C4279 /* Frameworks */,
				B68219A523177A4A005C4279 /* Resources */,
			);
			buildRules = (
			);
			dependencies = (
				B68219A923177A4A005C4279 /* PBXTargetDependency */,
			);
			name = "Find MovieUITests";
			productName = "Find MovieUITests";
			productReference = B68219A723177A4A005C4279 /* Find MovieUITests.xctest */;
			productType = "com.apple.product-type.bundle.ui-testing";
		};
/* End PBXNativeTarget section */

/* Begin PBXProject section */
		B682198023177A47005C4279 /* Project object */ = {
			isa = PBXProject;
			attributes = {
				LastSwiftUpdateCheck = 1030;
				LastUpgradeCheck = 1030;
				ORGANIZATIONNAME = "Naveen Gaur";
				TargetAttributes = {
					B682198723177A47005C4279 = {
						CreatedOnToolsVersion = 10.3;
					};
					B682199B23177A49005C4279 = {
						CreatedOnToolsVersion = 10.3;
						TestTargetID = B682198723177A47005C4279;
					};
					B68219A623177A4A005C4279 = {
						CreatedOnToolsVersion = 10.3;
						TestTargetID = B682198723177A47005C4279;
					};
				};
			};
			buildConfigurationList = B682198323177A47005C4279 /* Build configuration list for PBXProject "Find Movie" */;
			compatibilityVersion = "Xcode 9.3";
			developmentRegion = en;
			hasScannedForEncodings = 0;
			knownRegions = (
				en,
				Base,
			);
			mainGroup = B682197F23177A47005C4279;
			productRefGroup = B682198923177A47005C4279 /* Products */;
			projectDirPath = "";
			projectRoot = "";
			targets = (
				B682198723177A47005C4279 /* Find Movie */,
				B682199B23177A49005C4279 /* Find MovieTests */,
				B68219A623177A4A005C4279 /* Find MovieUITests */,
			);
		};
/* End PBXProject section */

/* Begin PBXResourcesBuildPhase section */
		B682198623177A47005C4279 /* Resources */ = {
			isa = PBXResourcesBuildPhase;
			buildActionMask = 2147483647;
			files = (
				B682199623177A49005C4279 /* LaunchScreen.storyboard in Resources */,
				B682199323177A49005C4279 /* Assets.xcassets in Resources */,
				B682199123177A47005C4279 /* Main.storyboard in Resources */,
			);
			runOnlyForDeploymentPostprocessing = 0;
		};
		B682199A23177A49005C4279 /* Resources */ = {
			isa = PBXResourcesBuildPhase;
			buildActionMask = 2147483647;
			files = (
			);
			runOnlyForDeploymentPostprocessing = 0;
		};
		B68219A523177A4A005C4279 /* Resources */ = {
			isa = PBXResourcesBuildPhase;
			buildActionMask = 2147483647;
			files = (
			);
			runOnlyForDeploymentPostprocessing = 0;
		};
/* End PBXResourcesBuildPhase section */

/* Begin PBXShellScriptBuildPhase section */
		0516FDF1D9E84A6FF14A4868 /* [CP] Check Pods Manifest.lock */ = {
			isa = PBXShellScriptBuildPhase;
			buildActionMask = 2147483647;
			files = (
			);
			inputFileListPaths = (
			);
			inputPaths = (
				"${PODS_PODFILE_DIR_PATH}/Podfile.lock",
				"${PODS_ROOT}/Manifest.lock",
			);
			name = "[CP] Check Pods Manifest.lock";
			outputFileListPaths = (
			);
			outputPaths = (
				"$(DERIVED_FILE_DIR)/Pods-Find MovieTests-checkManifestLockResult.txt",
			);
			runOnlyForDeploymentPostprocessing = 0;
			shellPath = /bin/sh;
			shellScript = "diff \"${PODS_PODFILE_DIR_PATH}/Podfile.lock\" \"${PODS_ROOT}/Manifest.lock\" > /dev/null\nif [ $? != 0 ] ; then\n    # print error to STDERR\n    echo \"error: The sandbox is not in sync with the Podfile.lock. Run 'pod install' or update your CocoaPods installation.\" >&2\n    exit 1\nfi\n# This output is used by Xcode 'outputs' to avoid re-running this script phase.\necho \"SUCCESS\" > \"${SCRIPT_OUTPUT_FILE_0}\"\n";
			showEnvVarsInLog = 0;
		};
		419DC91F4B5F528637596A93 /* [CP] Embed Pods Frameworks */ = {
			isa = PBXShellScriptBuildPhase;
			buildActionMask = 2147483647;
			files = (
			);
			inputFileListPaths = (
			);
			inputPaths = (
				"${SRCROOT}/Pods/Target Support Files/Pods-Find Movie/Pods-Find Movie-frameworks.sh",
				"${BUILT_PRODUCTS_DIR}/Alamofire/Alamofire.framework",
				"${BUILT_PRODUCTS_DIR}/Moya/Moya.framework",
				"${BUILT_PRODUCTS_DIR}/Result/Result.framework",
			);
			name = "[CP] Embed Pods Frameworks";
			outputFileListPaths = (
			);
			outputPaths = (
				"${TARGET_BUILD_DIR}/${FRAMEWORKS_FOLDER_PATH}/Alamofire.framework",
				"${TARGET_BUILD_DIR}/${FRAMEWORKS_FOLDER_PATH}/Moya.framework",
				"${TARGET_BUILD_DIR}/${FRAMEWORKS_FOLDER_PATH}/Result.framework",
			);
			runOnlyForDeploymentPostprocessing = 0;
			shellPath = /bin/sh;
			shellScript = "\"${SRCROOT}/Pods/Target Support Files/Pods-Find Movie/Pods-Find Movie-frameworks.sh\"\n";
			showEnvVarsInLog = 0;
		};
		8D9A8252A20CA45FB308B205 /* [CP] Check Pods Manifest.lock */ = {
			isa = PBXShellScriptBuildPhase;
			buildActionMask = 2147483647;
			files = (
			);
			inputFileListPaths = (
			);
			inputPaths = (
				"${PODS_PODFILE_DIR_PATH}/Podfile.lock",
				"${PODS_ROOT}/Manifest.lock",
			);
			name = "[CP] Check Pods Manifest.lock";
			outputFileListPaths = (
			);
			outputPaths = (
				"$(DERIVED_FILE_DIR)/Pods-Find Movie-checkManifestLockResult.txt",
			);
			runOnlyForDeploymentPostprocessing = 0;
			shellPath = /bin/sh;
			shellScript = "diff \"${PODS_PODFILE_DIR_PATH}/Podfile.lock\" \"${PODS_ROOT}/Manifest.lock\" > /dev/null\nif [ $? != 0 ] ; then\n    # print error to STDERR\n    echo \"error: The sandbox is not in sync with the Podfile.lock. Run 'pod install' or update your CocoaPods installation.\" >&2\n    exit 1\nfi\n# This output is used by Xcode 'outputs' to avoid re-running this script phase.\necho \"SUCCESS\" > \"${SCRIPT_OUTPUT_FILE_0}\"\n";
			showEnvVarsInLog = 0;
		};
		BDB68B8366A5A84530A382A1 /* [CP] Check Pods Manifest.lock */ = {
			isa = PBXShellScriptBuildPhase;
			buildActionMask = 2147483647;
			files = (
			);
			inputFileListPaths = (
			);
			inputPaths = (
				"${PODS_PODFILE_DIR_PATH}/Podfile.lock",
				"${PODS_ROOT}/Manifest.lock",
			);
			name = "[CP] Check Pods Manifest.lock";
			outputFileListPaths = (
			);
			outputPaths = (
				"$(DERIVED_FILE_DIR)/Pods-Find MovieUITests-checkManifestLockResult.txt",
			);
			runOnlyForDeploymentPostprocessing = 0;
			shellPath = /bin/sh;
			shellScript = "diff \"${PODS_PODFILE_DIR_PATH}/Podfile.lock\" \"${PODS_ROOT}/Manifest.lock\" > /dev/null\nif [ $? != 0 ] ; then\n    # print error to STDERR\n    echo \"error: The sandbox is not in sync with the Podfile.lock. Run 'pod install' or update your CocoaPods installation.\" >&2\n    exit 1\nfi\n# This output is used by Xcode 'outputs' to avoid re-running this script phase.\necho \"SUCCESS\" > \"${SCRIPT_OUTPUT_FILE_0}\"\n";
			showEnvVarsInLog = 0;
		};
/* End PBXShellScriptBuildPhase section */

/* Begin PBXSourcesBuildPhase section */
		B682198423177A47005C4279 /* Sources */ = {
			isa = PBXSourcesBuildPhase;
			buildActionMask = 2147483647;
			files = (
				B682198E23177A47005C4279 /* ViewController.swift in Sources */,
				B682198C23177A47005C4279 /* AppDelegate.swift in Sources */,
				B656502323177F89006F5C2E /* Movie.swift in Sources */,
				B6565027231792AF006F5C2E /* ApiResponse.swift in Sources */,
				B68219BB23177E86005C4279 /* Service.swift in Sources */,
				B656502523178CA6006F5C2E /* Genre.swift in Sources */,
			);
			runOnlyForDeploymentPostprocessing = 0;
		};
		B682199823177A49005C4279 /* Sources */ = {
			isa = PBXSourcesBuildPhase;
			buildActionMask = 2147483647;
			files = (
				B68219A123177A49005C4279 /* Find_MovieTests.swift in Sources */,
			);
			runOnlyForDeploymentPostprocessing = 0;
		};
		B68219A323177A4A005C4279 /* Sources */ = {
			isa = PBXSourcesBuildPhase;
			buildActionMask = 2147483647;
			files = (
				B68219AC23177A4A005C4279 /* Find_MovieUITests.swift in Sources */,
			);
			runOnlyForDeploymentPostprocessing = 0;
		};
/* End PBXSourcesBuildPhase section */

/* Begin PBXTargetDependency section */
		B682199E23177A49005C4279 /* PBXTargetDependency */ = {
			isa = PBXTargetDependency;
			target = B682198723177A47005C4279 /* Find Movie */;
			targetProxy = B682199D23177A49005C4279 /* PBXContainerItemProxy */;
		};
		B68219A923177A4A005C4279 /* PBXTargetDependency */ = {
			isa = PBXTargetDependency;
			target = B682198723177A47005C4279 /* Find Movie */;
			targetProxy = B68219A823177A4A005C4279 /* PBXContainerItemProxy */;
		};
/* End PBXTargetDependency section */

/* Begin PBXVariantGroup section */
		B682198F23177A47005C4279 /* Main.storyboard */ = {
			isa = PBXVariantGroup;
			children = (
				B682199023177A47005C4279 /* Base */,
			);
			name = Main.storyboard;
			sourceTree = "<group>";
		};
		B682199423177A49005C4279 /* LaunchScreen.storyboard */ = {
			isa = PBXVariantGroup;
			children = (
				B682199523177A49005C4279 /* Base */,
			);
			name = LaunchScreen.storyboard;
			sourceTree = "<group>";
		};
/* End PBXVariantGroup section */

/* Begin XCBuildConfiguration section */
		B68219AE23177A4A005C4279 /* Debug */ = {
			isa = XCBuildConfiguration;
			buildSettings = {
				ALWAYS_SEARCH_USER_PATHS = NO;
				CLANG_ANALYZER_NONNULL = YES;
				CLANG_ANALYZER_NUMBER_OBJECT_CONVERSION = YES_AGGRESSIVE;
				CLANG_CXX_LANGUAGE_STANDARD = "gnu++14";
				CLANG_CXX_LIBRARY = "libc++";
				CLANG_ENABLE_MODULES = YES;
				CLANG_ENABLE_OBJC_ARC = YES;
				CLANG_ENABLE_OBJC_WEAK = YES;
				CLANG_WARN_BLOCK_CAPTURE_AUTORELEASING = YES;
				CLANG_WARN_BOOL_CONVERSION = YES;
				CLANG_WARN_COMMA = YES;
				CLANG_WARN_CONSTANT_CONVERSION = YES;
				CLANG_WARN_DEPRECATED_OBJC_IMPLEMENTATIONS = YES;
				CLANG_WARN_DIRECT_OBJC_ISA_USAGE = YES_ERROR;
				CLANG_WARN_DOCUMENTATION_COMMENTS = YES;
				CLANG_WARN_EMPTY_BODY = YES;
				CLANG_WARN_ENUM_CONVERSION = YES;
				CLANG_WARN_INFINITE_RECURSION = YES;
				CLANG_WARN_INT_CONVERSION = YES;
				CLANG_WARN_NON_LITERAL_NULL_CONVERSION = YES;
				CLANG_WARN_OBJC_IMPLICIT_RETAIN_SELF = YES;
				CLANG_WARN_OBJC_LITERAL_CONVERSION = YES;
				CLANG_WARN_OBJC_ROOT_CLASS = YES_ERROR;
				CLANG_WARN_RANGE_LOOP_ANALYSIS = YES;
				CLANG_WARN_STRICT_PROTOTYPES = YES;
				CLANG_WARN_SUSPICIOUS_MOVE = YES;
				CLANG_WARN_UNGUARDED_AVAILABILITY = YES_AGGRESSIVE;
				CLANG_WARN_UNREACHABLE_CODE = YES;
				CLANG_WARN__DUPLICATE_METHOD_MATCH = YES;
				CODE_SIGN_IDENTITY = "iPhone Developer";
				COPY_PHASE_STRIP = NO;
				DEBUG_INFORMATION_FORMAT = dwarf;
				ENABLE_STRICT_OBJC_MSGSEND = YES;
				ENABLE_TESTABILITY = YES;
				GCC_C_LANGUAGE_STANDARD = gnu11;
				GCC_DYNAMIC_NO_PIC = NO;
				GCC_NO_COMMON_BLOCKS = YES;
				GCC_OPTIMIZATION_LEVEL = 0;
				GCC_PREPROCESSOR_DEFINITIONS = (
					"DEBUG=1",
					"$(inherited)",
				);
				GCC_WARN_64_TO_32_BIT_CONVERSION = YES;
				GCC_WARN_ABOUT_RETURN_TYPE = YES_ERROR;
				GCC_WARN_UNDECLARED_SELECTOR = YES;
				GCC_WARN_UNINITIALIZED_AUTOS = YES_AGGRESSIVE;
				GCC_WARN_UNUSED_FUNCTION = YES;
				GCC_WARN_UNUSED_VARIABLE = YES;
				IPHONEOS_DEPLOYMENT_TARGET = 12.4;
				MTL_ENABLE_DEBUG_INFO = INCLUDE_SOURCE;
				MTL_FAST_MATH = YES;
				ONLY_ACTIVE_ARCH = YES;
				SDKROOT = iphoneos;
				SWIFT_ACTIVE_COMPILATION_CONDITIONS = DEBUG;
				SWIFT_OPTIMIZATION_LEVEL = "-Onone";
			};
			name = Debug;
		};
		B68219AF23177A4A005C4279 /* Release */ = {
			isa = XCBuildConfiguration;
			buildSettings = {
				ALWAYS_SEARCH_USER_PATHS = NO;
				CLANG_ANALYZER_NONNULL = YES;
				CLANG_ANALYZER_NUMBER_OBJECT_CONVERSION = YES_AGGRESSIVE;
				CLANG_CXX_LANGUAGE_STANDARD = "gnu++14";
				CLANG_CXX_LIBRARY = "libc++";
				CLANG_ENABLE_MODULES = YES;
				CLANG_ENABLE_OBJC_ARC = YES;
				CLANG_ENABLE_OBJC_WEAK = YES;
				CLANG_WARN_BLOCK_CAPTURE_AUTORELEASING = YES;
				CLANG_WARN_BOOL_CONVERSION = YES;
				CLANG_WARN_COMMA = YES;
				CLANG_WARN_CONSTANT_CONVERSION = YES;
				CLANG_WARN_DEPRECATED_OBJC_IMPLEMENTATIONS = YES;
				CLANG_WARN_DIRECT_OBJC_ISA_USAGE = YES_ERROR;
				CLANG_WARN_DOCUMENTATION_COMMENTS = YES;
				CLANG_WARN_EMPTY_BODY = YES;
				CLANG_WARN_ENUM_CONVERSION = YES;
				CLANG_WARN_INFINITE_RECURSION = YES;
				CLANG_WARN_INT_CONVERSION = YES;
				CLANG_WARN_NON_LITERAL_NULL_CONVERSION = YES;
				CLANG_WARN_OBJC_IMPLICIT_RETAIN_SELF = YES;
				CLANG_WARN_OBJC_LITERAL_CONVERSION = YES;
				CLANG_WARN_OBJC_ROOT_CLASS = YES_ERROR;
				CLANG_WARN_RANGE_LOOP_ANALYSIS = YES;
				CLANG_WARN_STRICT_PROTOTYPES = YES;
				CLANG_WARN_SUSPICIOUS_MOVE = YES;
				CLANG_WARN_UNGUARDED_AVAILABILITY = YES_AGGRESSIVE;
				CLANG_WARN_UNREACHABLE_CODE = YES;
				CLANG_WARN__DUPLICATE_METHOD_MATCH = YES;
				CODE_SIGN_IDENTITY = "iPhone Developer";
				COPY_PHASE_STRIP = NO;
				DEBUG_INFORMATION_FORMAT = "dwarf-with-dsym";
				ENABLE_NS_ASSERTIONS = NO;
				ENABLE_STRICT_OBJC_MSGSEND = YES;
				GCC_C_LANGUAGE_STANDARD = gnu11;
				GCC_NO_COMMON_BLOCKS = YES;
				GCC_WARN_64_TO_32_BIT_CONVERSION = YES;
				GCC_WARN_ABOUT_RETURN_TYPE = YES_ERROR;
				GCC_WARN_UNDECLARED_SELECTOR = YES;
				GCC_WARN_UNINITIALIZED_AUTOS = YES_AGGRESSIVE;
				GCC_WARN_UNUSED_FUNCTION = YES;
				GCC_WARN_UNUSED_VARIABLE = YES;
				IPHONEOS_DEPLOYMENT_TARGET = 12.4;
				MTL_ENABLE_DEBUG_INFO = NO;
				MTL_FAST_MATH = YES;
				SDKROOT = iphoneos;
				SWIFT_COMPILATION_MODE = wholemodule;
				SWIFT_OPTIMIZATION_LEVEL = "-O";
				VALIDATE_PRODUCT = YES;
			};
			name = Release;
		};
		B68219B123177A4A005C4279 /* Debug */ = {
			isa = XCBuildConfiguration;
			baseConfigurationReference = 940A5A274C432121146C9A52 /* Pods-Find Movie.debug.xcconfig */;
			buildSettings = {
				ASSETCATALOG_COMPILER_APPICON_NAME = AppIcon;
				CODE_SIGN_STYLE = Automatic;
				DEVELOPMENT_TEAM = 72F2HJBU4U;
				INFOPLIST_FILE = "Find Movie/Info.plist";
				LD_RUNPATH_SEARCH_PATHS = (
					"$(inherited)",
					"@executable_path/Frameworks",
				);
				PRODUCT_BUNDLE_IDENTIFIER = "com..Gaur-Corp.Find-Movie";
				PRODUCT_NAME = "$(TARGET_NAME)";
				SWIFT_VERSION = 5.0;
				TARGETED_DEVICE_FAMILY = "1,2";
			};
			name = Debug;
		};
		B68219B223177A4A005C4279 /* Release */ = {
			isa = XCBuildConfiguration;
			baseConfigurationReference = BBEC38554CAD78E03C16C193 /* Pods-Find Movie.release.xcconfig */;
			buildSettings = {
				ASSETCATALOG_COMPILER_APPICON_NAME = AppIcon;
				CODE_SIGN_STYLE = Automatic;
				DEVELOPMENT_TEAM = 72F2HJBU4U;
				INFOPLIST_FILE = "Find Movie/Info.plist";
				LD_RUNPATH_SEARCH_PATHS = (
					"$(inherited)",
					"@executable_path/Frameworks",
				);
				PRODUCT_BUNDLE_IDENTIFIER = "com..Gaur-Corp.Find-Movie";
				PRODUCT_NAME = "$(TARGET_NAME)";
				SWIFT_VERSION = 5.0;
				TARGETED_DEVICE_FAMILY = "1,2";
			};
			name = Release;
		};
		B68219B423177A4A005C4279 /* Debug */ = {
			isa = XCBuildConfiguration;
			baseConfigurationReference = F386A01A66A3EA7956A17CBA /* Pods-Find MovieTests.debug.xcconfig */;
			buildSettings = {
				ALWAYS_EMBED_SWIFT_STANDARD_LIBRARIES = YES;
				BUNDLE_LOADER = "$(TEST_HOST)";
				CODE_SIGN_STYLE = Automatic;
				DEVELOPMENT_TEAM = 72F2HJBU4U;
				INFOPLIST_FILE = "Find MovieTests/Info.plist";
				LD_RUNPATH_SEARCH_PATHS = (
					"$(inherited)",
					"@executable_path/Frameworks",
					"@loader_path/Frameworks",
				);
				PRODUCT_BUNDLE_IDENTIFIER = "com..Gaur-Corp.Find-MovieTests";
				PRODUCT_NAME = "$(TARGET_NAME)";
				SWIFT_VERSION = 5.0;
				TARGETED_DEVICE_FAMILY = "1,2";
				TEST_HOST = "$(BUILT_PRODUCTS_DIR)/Find Movie.app/Find Movie";
			};
			name = Debug;
		};
		B68219B523177A4A005C4279 /* Release */ = {
			isa = XCBuildConfiguration;
			baseConfigurationReference = 93FEFD073D0629223F653ACD /* Pods-Find MovieTests.release.xcconfig */;
			buildSettings = {
				ALWAYS_EMBED_SWIFT_STANDARD_LIBRARIES = YES;
				BUNDLE_LOADER = "$(TEST_HOST)";
				CODE_SIGN_STYLE = Automatic;
				DEVELOPMENT_TEAM = 72F2HJBU4U;
				INFOPLIST_FILE = "Find MovieTests/Info.plist";
				LD_RUNPATH_SEARCH_PATHS = (
					"$(inherited)",
					"@executable_path/Frameworks",
					"@loader_path/Frameworks",
				);
				PRODUCT_BUNDLE_IDENTIFIER = "com..Gaur-Corp.Find-MovieTests";
				PRODUCT_NAME = "$(TARGET_NAME)";
				SWIFT_VERSION = 5.0;
				TARGETED_DEVICE_FAMILY = "1,2";
				TEST_HOST = "$(BUILT_PRODUCTS_DIR)/Find Movie.app/Find Movie";
			};
			name = Release;
		};
		B68219B723177A4A005C4279 /* Debug */ = {
			isa = XCBuildConfiguration;
			baseConfigurationReference = 22F5ACBACB59445AF35D5865 /* Pods-Find MovieUITests.debug.xcconfig */;
			buildSettings = {
				ALWAYS_EMBED_SWIFT_STANDARD_LIBRARIES = YES;
				CODE_SIGN_STYLE = Automatic;
				DEVELOPMENT_TEAM = 72F2HJBU4U;
				INFOPLIST_FILE = "Find MovieUITests/Info.plist";
				LD_RUNPATH_SEARCH_PATHS = (
					"$(inherited)",
					"@executable_path/Frameworks",
					"@loader_path/Frameworks",
				);
				PRODUCT_BUNDLE_IDENTIFIER = "com..Gaur-Corp.Find-MovieUITests";
				PRODUCT_NAME = "$(TARGET_NAME)";
				SWIFT_VERSION = 5.0;
				TARGETED_DEVICE_FAMILY = "1,2";
				TEST_TARGET_NAME = "Find Movie";
			};
			name = Debug;
		};
		B68219B823177A4A005C4279 /* Release */ = {
			isa = XCBuildConfiguration;
			baseConfigurationReference = 3B3E65B42DDF28C9EE465432 /* Pods-Find MovieUITests.release.xcconfig */;
			buildSettings = {
				ALWAYS_EMBED_SWIFT_STANDARD_LIBRARIES = YES;
				CODE_SIGN_STYLE = Automatic;
				DEVELOPMENT_TEAM = 72F2HJBU4U;
				INFOPLIST_FILE = "Find MovieUITests/Info.plist";
				LD_RUNPATH_SEARCH_PATHS = (
					"$(inherited)",
					"@executable_path/Frameworks",
					"@loader_path/Frameworks",
				);
				PRODUCT_BUNDLE_IDENTIFIER = "com..Gaur-Corp.Find-MovieUITests";
				PRODUCT_NAME = "$(TARGET_NAME)";
				SWIFT_VERSION = 5.0;
				TARGETED_DEVICE_FAMILY = "1,2";
				TEST_TARGET_NAME = "Find Movie";
			};
			name = Release;
		};
/* End XCBuildConfiguration section */

/* Begin XCConfigurationList section */
		B682198323177A47005C4279 /* Build configuration list for PBXProject "Find Movie" */ = {
			isa = XCConfigurationList;
			buildConfigurations = (
				B68219AE23177A4A005C4279 /* Debug */,
				B68219AF23177A4A005C4279 /* Release */,
			);
			defaultConfigurationIsVisible = 0;
			defaultConfigurationName = Release;
		};
		B68219B023177A4A005C4279 /* Build configuration list for PBXNativeTarget "Find Movie" */ = {
			isa = XCConfigurationList;
			buildConfigurations = (
				B68219B123177A4A005C4279 /* Debug */,
				B68219B223177A4A005C4279 /* Release */,
			);
			defaultConfigurationIsVisible = 0;
			defaultConfigurationName = Release;
		};
		B68219B323177A4A005C4279 /* Build configuration list for PBXNativeTarget "Find MovieTests" */ = {
			isa = XCConfigurationList;
			buildConfigurations = (
				B68219B423177A4A005C4279 /* Debug */,
				B68219B523177A4A005C4279 /* Release */,
			);
			defaultConfigurationIsVisible = 0;
			defaultConfigurationName = Release;
		};
		B68219B623177A4A005C4279 /* Build configuration list for PBXNativeTarget "Find MovieUITests" */ = {
			isa = XCConfigurationList;
			buildConfigurations = (
				B68219B723177A4A005C4279 /* Debug */,
				B68219B823177A4A005C4279 /* Release */,
			);
			defaultConfigurationIsVisible = 0;
			defaultConfigurationName = Release;
		};
/* End XCConfigurationList section */
	};
	rootObject = B682198023177A47005C4279 /* Project object */;
}
